
Microsoft Visual Studio Solution File, Format Version 12.00
# Visual Studio 2013
VisualStudioVersion = 12.0.21005.1
MinimumVisualStudioVersion = 10.0.40219.1
Project("{FAE04EC0-301F-11D3-BF4B-00C04F79EFBC}") = "TimerUsers", "TimerUsers\TimerUsers.csproj", "{7DBCD80F-FA38-4679-8F51-6DA136098050}"
EndProject
Project("{FAE04EC0-301F-11D3-BF4B-00C04F79EFBC}") = "TimerLib", "TimerLib\TimerLib.csproj", "{64E649AB-DF03-480A-AF02-D99705D738B7}"
EndProject
Global
	GlobalSection(SolutionConfigurationPlatforms) = preSolution
		Debug|Any CPU = Debug|Any CPU
		Release|Any CPU = Release|Any CPU
	EndGlobalSection
	GlobalSection(ProjectConfigurationPlatforms) = postSolution
		{7DBCD80F-FA38-4679-8F51-6DA136098050}.Debug|Any CPU.ActiveCfg = Debug|Any CPU
		{7DBCD80F-FA38-4679-8F51-6DA136098050}.Debug|Any CPU.Build.0 = Debug|Any CPU
		{7DBCD80F-FA38-4679-8F51-6DA136098050}.Release|Any CPU.ActiveCfg = Release|Any CPU
		{7DBCD80F-FA38-4679-8F51-6DA136098050}.Release|Any CPU.Build.0 = Release|Any CPU
		{64E649AB-DF03-480A-AF02-D99705D738B7}.Debug|Any CPU.ActiveCfg = Debug|Any CPU
		{64E649AB-DF03-480A-AF02-D99705D738B7}.Debug|Any CPU.Build.0 = Debug|Any CPU
		{64E649AB-DF03-480A-AF02-D99705D738B7}.Release|Any CPU.ActiveCfg = Release|Any CPU
		{64E649AB-DF03-480A-AF02-D99705D738B7}.Release|Any CPU.Build.0 = Release|Any CPU
	EndGlobalSection
	GlobalSection(SolutionProperties) = preSolution
		HideSolutionNode = FALSE
	EndGlobalSection
EndGlobal
